{
    "name": "ocd",
    "lockfileVersion": 3,
    "requires": true,
    "packages": {
        "": {
            "name": "ocd",
            "workspaces": [
                "packages/ocd-core",
                "packages/ocd-export",
                "packages/ocd-import",
                "packages/ocd-query",
                "packages/ocd-react",
                "packages/ocd-desktop",
                "packages/ocd-vscode"
            ]
        },
        "node_modules/ocd-core": {
            "resolved": "packages/ocd-core",
            "link": true
        },
        "node_modules/ocd-desktop": {
            "resolved": "packages/ocd-desktop",
            "link": true
        },
        "node_modules/ocd-export": {
            "resolved": "packages/ocd-export",
            "link": true
        },
        "node_modules/ocd-import": {
            "resolved": "packages/ocd-import",
            "link": true
        },
        "node_modules/ocd-query": {
            "resolved": "packages/ocd-query",
            "link": true
        },
        "node_modules/ocd-react": {
            "resolved": "packages/ocd-react",
            "link": true
        },
        "node_modules/ocd-vscode": {
            "resolved": "packages/ocd-vscode",
            "link": true
        },
        "packages/ocd-core": {
            "version": "0.1.0",
            "license": "UPL-1.0"
        },
        "packages/ocd-desktop": {
            "version": "0.1.0",
            "license": "UPL-1.0",
            "devDependencies": {}
        },
        "packages/ocd-export": {
            "version": "0.1.0",
            "license": "UPL-1.0",
            "devDependencies": {}
        },
        "packages/ocd-import": {
            "version": "0.1.0",
            "license": "UPL-1.0",
            "devDependencies": {}
        },
        "packages/ocd-query": {
            "version": "0.1.0",
            "license": "UPL-1.0",
            "devDependencies": {}
        },
        "packages/ocd-react": {
            "version": "0.1.0",
            "license": "UPL-1.0",
            "devDependencies": {}
        },
        "packages/ocd-vscode": {
            "version": "0.1.0",
            "license": "UPL-1.0",
            "devDependencies": {}
        }
    }
}
